Microsoft Visual Studio Solution File, Format Version 12.00
# Visual Studio Version 17
VisualStudioVersion = 17.5.2.0
MinimumVisualStudioVersion = 10.0.40219.1
Project("{FAE04EC0-301F-11D3-BF4B-00C04F79EFBC}") = "Clients", "Clients.csproj", "{EB16C641-A4D2-6230-B381-DFD1A4AEA23F}"
EndProject
Global
	GlobalSection(SolutionConfigurationPlatforms) = preSolution
		Debug|Any CPU = Debug|Any CPU
		Release|Any CPU = Release|Any CPU
	EndGlobalSection
	GlobalSection(ProjectConfigurationPlatforms) = postSolution
		{EB16C641-A4D2-6230-B381-DFD1A4AEA23F}.Debug|Any CPU.ActiveCfg = Debug|Any CPU
		{EB16C641-A4D2-6230-B381-DFD1A4AEA23F}.Debug|Any CPU.Build.0 = Debug|Any CPU
		{EB16C641-A4D2-6230-B381-DFD1A4AEA23F}.Release|Any CPU.ActiveCfg = Release|Any CPU
		{EB16C641-A4D2-6230-B381-DFD1A4AEA23F}.Release|Any CPU.Build.0 = Release|Any CPU
	EndGlobalSection
	GlobalSection(SolutionProperties) = preSolution
		HideSolutionNode = FALSE
	EndGlobalSection
	GlobalSection(ExtensibilityGlobals) = postSolution
		SolutionGuid = {6A1733DF-0315-43DD-87BD-2C83AC3F14DA}
	EndGlobalSection
EndGlobal
